
Microsoft Visual Studio Solution File, Format Version 12.00
# Visual Studio Version 16
VisualStudioVersion = 16.0.29709.97
MinimumVisualStudioVersion = 10.0.40219.1
Project("{FAE04EC0-301F-11D3-BF4B-00C04F79EFBC}") = "AbstractExcercise", "AbstractExcercise\AbstractExcercise.csproj", "{242E5D4E-ECB1-40EC-A7DC-F093501B056D}"
EndProject
Global
	GlobalSection(SolutionConfigurationPlatforms) = preSolution
		Debug|Any CPU = Debug|Any CPU
		Release|Any CPU = Release|Any CPU
	EndGlobalSection
	GlobalSection(ProjectConfigurationPlatforms) = postSolution
		{242E5D4E-ECB1-40EC-A7DC-F093501B056D}.Debug|Any CPU.ActiveCfg = Debug|Any CPU
		{242E5D4E-ECB1-40EC-A7DC-F093501B056D}.Debug|Any CPU.Build.0 = Debug|Any CPU
		{242E5D4E-ECB1-40EC-A7DC-F093501B056D}.Release|Any CPU.ActiveCfg = Release|Any CPU
		{242E5D4E-ECB1-40EC-A7DC-F093501B056D}.Release|Any CPU.Build.0 = Release|Any CPU
	EndGlobalSection
	GlobalSection(SolutionProperties) = preSolution
		HideSolutionNode = FALSE
	EndGlobalSection
	GlobalSection(ExtensibilityGlobals) = postSolution
		SolutionGuid = {17CF72C4-0483-4D04-A161-FE78BC10A5BF}
	EndGlobalSection
EndGlobal
